
Microsoft Visual Studio Solution File, Format Version 12.00
# Visual Studio Version 16
VisualStudioVersion = 16.0.31005.135
MinimumVisualStudioVersion = 10.0.40219.1
Project("{FAE04EC0-301F-11D3-BF4B-00C04F79EFBC}") = "Emedical service", "Emedical service\Emedical service.csproj", "{A395AE8B-DB80-452C-B7D4-1F51B668675A}"
EndProject
Global
	GlobalSection(SolutionConfigurationPlatforms) = preSolution
		Debug|Any CPU = Debug|Any CPU
		Release|Any CPU = Release|Any CPU
	EndGlobalSection
	GlobalSection(ProjectConfigurationPlatforms) = postSolution
		{A395AE8B-DB80-452C-B7D4-1F51B668675A}.Debug|Any CPU.ActiveCfg = Debug|Any CPU
		{A395AE8B-DB80-452C-B7D4-1F51B668675A}.Debug|Any CPU.Build.0 = Debug|Any CPU
		{A395AE8B-DB80-452C-B7D4-1F51B668675A}.Release|Any CPU.ActiveCfg = Release|Any CPU
		{A395AE8B-DB80-452C-B7D4-1F51B668675A}.Release|Any CPU.Build.0 = Release|Any CPU
	EndGlobalSection
	GlobalSection(SolutionProperties) = preSolution
		HideSolutionNode = FALSE
	EndGlobalSection
	GlobalSection(ExtensibilityGlobals) = postSolution
		SolutionGuid = {5D55177D-5A90-469C-96F9-0F4E6864D53A}
	EndGlobalSection
EndGlobal
